
Microsoft Visual Studio Solution File, Format Version 12.00
# Visual Studio Version 16
VisualStudioVersion = 16.0.31129.286
MinimumVisualStudioVersion = 10.0.40219.1
Project("{FAE04EC0-301F-11D3-BF4B-00C04F79EFBC}") = "Musing.Identity.Api", "Musing.Identity.Api.csproj", "{06BF60E1-D243-4FF6-8A91-302D8D508CF1}"
EndProject
Global
	GlobalSection(SolutionConfigurationPlatforms) = preSolution
		Debug|Any CPU = Debug|Any CPU
		Release|Any CPU = Release|Any CPU
	EndGlobalSection
	GlobalSection(ProjectConfigurationPlatforms) = postSolution
		{06BF60E1-D243-4FF6-8A91-302D8D508CF1}.Debug|Any CPU.ActiveCfg = Debug|Any CPU
		{06BF60E1-D243-4FF6-8A91-302D8D508CF1}.Debug|Any CPU.Build.0 = Debug|Any CPU
		{06BF60E1-D243-4FF6-8A91-302D8D508CF1}.Release|Any CPU.ActiveCfg = Release|Any CPU
		{06BF60E1-D243-4FF6-8A91-302D8D508CF1}.Release|Any CPU.Build.0 = Release|Any CPU
	EndGlobalSection
	GlobalSection(SolutionProperties) = preSolution
		HideSolutionNode = FALSE
	EndGlobalSection
	GlobalSection(ExtensibilityGlobals) = postSolution
		SolutionGuid = {47272E37-4281-4DC1-8A75-4840A9D65831}
	EndGlobalSection
EndGlobal
